
Microsoft Visual Studio Solution File, Format Version 12.00
# Visual Studio Version 17
VisualStudioVersion = 17.9.34321.82
MinimumVisualStudioVersion = 10.0.40219.1
Project("{FAE04EC0-301F-11D3-BF4B-00C04F79EFBC}") = "PropertyApp", "PropertyApp.csproj", "{F2DAB0D8-8257-4EBC-9164-1DB81D67B058}"
EndProject
Global
	GlobalSection(SolutionConfigurationPlatforms) = preSolution
		Debug|Any CPU = Debug|Any CPU
		Release|Any CPU = Release|Any CPU
	EndGlobalSection
	GlobalSection(ProjectConfigurationPlatforms) = postSolution
		{F2DAB0D8-8257-4EBC-9164-1DB81D67B058}.Debug|Any CPU.ActiveCfg = Debug|Any CPU
		{F2DAB0D8-8257-4EBC-9164-1DB81D67B058}.Debug|Any CPU.Build.0 = Debug|Any CPU
		{F2DAB0D8-8257-4EBC-9164-1DB81D67B058}.Debug|Any CPU.Deploy.0 = Debug|Any CPU
		{F2DAB0D8-8257-4EBC-9164-1DB81D67B058}.Release|Any CPU.ActiveCfg = Release|Any CPU
		{F2DAB0D8-8257-4EBC-9164-1DB81D67B058}.Release|Any CPU.Build.0 = Release|Any CPU
		{F2DAB0D8-8257-4EBC-9164-1DB81D67B058}.Release|Any CPU.Deploy.0 = Release|Any CPU
	EndGlobalSection
	GlobalSection(SolutionProperties) = preSolution
		HideSolutionNode = FALSE
	EndGlobalSection
	GlobalSection(ExtensibilityGlobals) = postSolution
		SolutionGuid = {84F7A911-1609-4288-BD03-37A2EE20FF30}
	EndGlobalSection
EndGlobal
